// !$*UTF8*$!
{
	archiveVersion = 1;
	classes = {
	};
	objectVersion = 48;
	objects = {

/* Begin PBXBuildFile section */
		716C232D1EF4E08100AA4CB4 /* AppDelegate.m in Sources */ = {isa = PBXBuildFile; fileRef = 716C232C1EF4E08100AA4CB4 /* AppDelegate.m */; };
		716C23351EF4E08100AA4CB4 /* Assets.xcassets in Resources */ = {isa = PBXBuildFile; fileRef = 716C23341EF4E08100AA4CB4 /* Assets.xcassets */; };
		716C233B1EF4E08100AA4CB4 /* main.m in Sources */ = {isa = PBXBuildFile; fileRef = 716C233A1EF4E08100AA4CB4 /* main.m */; };
		716C23451EF4E08100AA4CB4 /* Drag_and_dropTests.m in Sources */ = {isa = PBXBuildFile; fileRef = 716C23441EF4E08100AA4CB4 /* Drag_and_dropTests.m */; };
		716C23501EF4E08100AA4CB4 /* Drag_and_dropUITests.m in Sources */ = {isa = PBXBuildFile; fileRef = 716C234F1EF4E08100AA4CB4 /* Drag_and_dropUITests.m */; };
		716C235F1EF4E10900AA4CB4 /* DADOnlyDragViewController.m in Sources */ = {isa = PBXBuildFile; fileRef = 716C235E1EF4E10900AA4CB4 /* DADOnlyDragViewController.m */; };
		716C23621EF4E16C00AA4CB4 /* DADMainViewController.m in Sources */ = {isa = PBXBuildFile; fileRef = 716C23611EF4E16C00AA4CB4 /* DADMainViewController.m */; };
		D702EFA71F05F0BB0006FDB0 /* DADTableViewViewController.m in Sources */ = {isa = PBXBuildFile; fileRef = D702EFA61F05F0BB0006FDB0 /* DADTableViewViewController.m */; };
		D7487A411F05F9DC001F807A /* DADTableViewModel.m in Sources */ = {isa = PBXBuildFile; fileRef = D7487A401F05F9DC001F807A /* DADTableViewModel.m */; };
		D77073A61F0BB9BA0006663B /* DADCollectionViewController.m in Sources */ = {isa = PBXBuildFile; fileRef = D77073A51F0BB9BA0006663B /* DADCollectionViewController.m */; };
		D77B2F291F04FDA100EE47DF /* DADPosterImageView.m in Sources */ = {isa = PBXBuildFile; fileRef = D77B2F281F04FDA100EE47DF /* DADPosterImageView.m */; };
		D77B2F2C1F05009B00EE47DF /* DADPosterPreView.m in Sources */ = {isa = PBXBuildFile; fileRef = D77B2F2B1F05009B00EE47DF /* DADPosterPreView.m */; };
		D7A46EC91F04FA0400F82404 /* DADVideoViewController.m in Sources */ = {isa = PBXBuildFile; fileRef = D7A46EC81F04FA0400F82404 /* DADVideoViewController.m */; };
		D7BE56F01F03A4E8003E2665 /* DADInSameAppViewController.m in Sources */ = {isa = PBXBuildFile; fileRef = D7BE56EF1F03A4E8003E2665 /* DADInSameAppViewController.m */; };
		D7BE56F41F03A729003E2665 /* DADDeleteView.m in Sources */ = {isa = PBXBuildFile; fileRef = D7BE56F31F03A729003E2665 /* DADDeleteView.m */; };
/* End PBXBuildFile section */

/* Begin PBXContainerItemProxy section */
		716C23411EF4E08100AA4CB4 /* PBXContainerItemProxy */ = {
			isa = PBXContainerItemProxy;
			containerPortal = 716C23201EF4E08100AA4CB4 /* Project object */;
			proxyType = 1;
			remoteGlobalIDString = 716C23271EF4E08100AA4CB4;
			remoteInfo = "Drag and drop";
		};
		716C234C1EF4E08100AA4CB4 /* PBXContainerItemProxy */ = {
			isa = PBXContainerItemProxy;
			containerPortal = 716C23201EF4E08100AA4CB4 /* Project object */;
			proxyType = 1;
			remoteGlobalIDString = 716C23271EF4E08100AA4CB4;
			remoteInfo = "Drag and drop";
		};
/* End PBXContainerItemProxy section */

/* Begin PBXFileReference section */
		716C23281EF4E08100AA4CB4 /* Drag and drop.app */ = {isa = PBXFileReference; explicitFileType = wrapper.application; includeInIndex = 0; path = "Drag and drop.app"; sourceTree = BUILT_PRODUCTS_DIR; };
		716C232B1EF4E08100AA4CB4 /* AppDelegate.h */ = {isa = PBXFileReference; lastKnownFileType = sourcecode.c.h; path = AppDelegate.h; sourceTree = "<group>"; };
		716C232C1EF4E08100AA4CB4 /* AppDelegate.m */ = {isa = PBXFileReference; lastKnownFileType = sourcecode.c.objc; path = AppDelegate.m; sourceTree = "<group>"; };
		716C23341EF4E08100AA4CB4 /* Assets.xcassets */ = {isa = PBXFileReference; lastKnownFileType = folder.assetcatalog; path = Assets.xcassets; sourceTree = "<group>"; };
		716C23391EF4E08100AA4CB4 /* Info.plist */ = {isa = PBXFileReference; lastKnownFileType = text.plist.xml; path = Info.plist; sourceTree = "<group>"; };
		716C233A1EF4E08100AA4CB4 /* main.m */ = {isa = PBXFileReference; lastKnownFileType = sourcecode.c.objc; path = main.m; sourceTree = "<group>"; };
		716C23401EF4E08100AA4CB4 /* Drag and dropTests.xctest */ = {isa = PBXFileReference; explicitFileType = wrapper.cfbundle; includeInIndex = 0; path = "Drag and dropTests.xctest"; sourceTree = BUILT_PRODUCTS_DIR; };
		716C23441EF4E08100AA4CB4 /* Drag_and_dropTests.m */ = {isa = PBXFileReference; lastKnownFileType = sourcecode.c.objc; path = Drag_and_dropTests.m; sourceTree = "<group>"; };
		716C23461EF4E08100AA4CB4 /* Info.plist */ = {isa = PBXFileReference; lastKnownFileType = text.plist.xml; path = Info.plist; sourceTree = "<group>"; };
		716C234B1EF4E08100AA4CB4 /* Drag and dropUITests.xctest */ = {isa = PBXFileReference; explicitFileType = wrapper.cfbundle; includeInIndex = 0; path = "Drag and dropUITests.xctest"; sourceTree = BUILT_PRODUCTS_DIR; };
		716C234F1EF4E08100AA4CB4 /* Drag_and_dropUITests.m */ = {isa = PBXFileReference; lastKnownFileType = sourcecode.c.objc; path = Drag_and_dropUITests.m; sourceTree = "<group>"; };
		716C23511EF4E08100AA4CB4 /* Info.plist */ = {isa = PBXFileReference; lastKnownFileType = text.plist.xml; path = Info.plist; sourceTree = "<group>"; };
		716C235D1EF4E10900AA4CB4 /* DADOnlyDragViewController.h */ = {isa = PBXFileReference; lastKnownFileType = sourcecode.c.h; path = DADOnlyDragViewController.h; sourceTree = "<group>"; };
		716C235E1EF4E10900AA4CB4 /* DADOnlyDragViewController.m */ = {isa = PBXFileReference; lastKnownFileType = sourcecode.c.objc; path = DADOnlyDragViewController.m; sourceTree = "<group>"; };
		716C23601EF4E16C00AA4CB4 /* DADMainViewController.h */ = {isa = PBXFileReference; lastKnownFileType = sourcecode.c.h; path = DADMainViewController.h; sourceTree = "<group>"; };
		716C23611EF4E16C00AA4CB4 /* DADMainViewController.m */ = {isa = PBXFileReference; lastKnownFileType = sourcecode.c.objc; path = DADMainViewController.m; sourceTree = "<group>"; };
		D702EFA51F05F0BB0006FDB0 /* DADTableViewViewController.h */ = {isa = PBXFileReference; lastKnownFileType = sourcecode.c.h; path = DADTableViewViewController.h; sourceTree = "<group>"; };
		D702EFA61F05F0BB0006FDB0 /* DADTableViewViewController.m */ = {isa = PBXFileReference; lastKnownFileType = sourcecode.c.objc; path = DADTableViewViewController.m; sourceTree = "<group>"; };
		D7487A3F1F05F9DC001F807A /* DADTableViewModel.h */ = {isa = PBXFileReference; lastKnownFileType = sourcecode.c.h; path = DADTableViewModel.h; sourceTree = "<group>"; };
		D7487A401F05F9DC001F807A /* DADTableViewModel.m */ = {isa = PBXFileReference; lastKnownFileType = sourcecode.c.objc; path = DADTableViewModel.m; sourceTree = "<group>"; };
		D77073A41F0BB9BA0006663B /* DADCollectionViewController.h */ = {isa = PBXFileReference; lastKnownFileType = sourcecode.c.h; path = DADCollectionViewController.h; sourceTree = "<group>"; };
		D77073A51F0BB9BA0006663B /* DADCollectionViewController.m */ = {isa = PBXFileReference; lastKnownFileType = sourcecode.c.objc; path = DADCollectionViewController.m; sourceTree = "<group>"; };
		D77B2F271F04FDA100EE47DF /* DADPosterImageView.h */ = {isa = PBXFileReference; lastKnownFileType = sourcecode.c.h; path = DADPosterImageView.h; sourceTree = "<group>"; };
		D77B2F281F04FDA100EE47DF /* DADPosterImageView.m */ = {isa = PBXFileReference; lastKnownFileType = sourcecode.c.objc; path = DADPosterImageView.m; sourceTree = "<group>"; };
		D77B2F2A1F05009B00EE47DF /* DADPosterPreView.h */ = {isa = PBXFileReference; lastKnownFileType = sourcecode.c.h; path = DADPosterPreView.h; sourceTree = "<group>"; };
		D77B2F2B1F05009B00EE47DF /* DADPosterPreView.m */ = {isa = PBXFileReference; lastKnownFileType = sourcecode.c.objc; path = DADPosterPreView.m; sourceTree = "<group>"; };
		D7A46EC71F04FA0400F82404 /* DADVideoViewController.h */ = {isa = PBXFileReference; lastKnownFileType = sourcecode.c.h; path = DADVideoViewController.h; sourceTree = "<group>"; };
		D7A46EC81F04FA0400F82404 /* DADVideoViewController.m */ = {isa = PBXFileReference; lastKnownFileType = sourcecode.c.objc; path = DADVideoViewController.m; sourceTree = "<group>"; };
		D7BE56EE1F03A4E8003E2665 /* DADInSameAppViewController.h */ = {isa = PBXFileReference; lastKnownFileType = sourcecode.c.h; path = DADInSameAppViewController.h; sourceTree = "<group>"; };
		D7BE56EF1F03A4E8003E2665 /* DADInSameAppViewController.m */ = {isa = PBXFileReference; lastKnownFileType = sourcecode.c.objc; path = DADInSameAppViewController.m; sourceTree = "<group>"; };
		D7BE56F21F03A729003E2665 /* DADDeleteView.h */ = {isa = PBXFileReference; lastKnownFileType = sourcecode.c.h; path = DADDeleteView.h; sourceTree = "<group>"; };
		D7BE56F31F03A729003E2665 /* DADDeleteView.m */ = {isa = PBXFileReference; lastKnownFileType = sourcecode.c.objc; path = DADDeleteView.m; sourceTree = "<group>"; };
/* End PBXFileReference section */

/* Begin PBXFrameworksBuildPhase section */
		716C23251EF4E08100AA4CB4 /* Frameworks */ = {
			isa = PBXFrameworksBuildPhase;
			buildActionMask = 2147483647;
			files = (
			);
			runOnlyForDeploymentPostprocessing = 0;
		};
		716C233D1EF4E08100AA4CB4 /* Frameworks */ = {
			isa = PBXFrameworksBuildPhase;
			buildActionMask = 2147483647;
			files = (
			);
			runOnlyForDeploymentPostprocessing = 0;
		};
		716C23481EF4E08100AA4CB4 /* Frameworks */ = {
			isa = PBXFrameworksBuildPhase;
			buildActionMask = 2147483647;
			files = (
			);
			runOnlyForDeploymentPostprocessing = 0;
		};
/* End PBXFrameworksBuildPhase section */

/* Begin PBXGroup section */
		716C231F1EF4E08100AA4CB4 = {
			isa = PBXGroup;
			children = (
				716C232A1EF4E08100AA4CB4 /* Drag and drop */,
				716C23431EF4E08100AA4CB4 /* Drag and dropTests */,
				716C234E1EF4E08100AA4CB4 /* Drag and dropUITests */,
				716C23291EF4E08100AA4CB4 /* Products */,
			);
			sourceTree = "<group>";
		};
		716C23291EF4E08100AA4CB4 /* Products */ = {
			isa = PBXGroup;
			children = (
				716C23281EF4E08100AA4CB4 /* Drag and drop.app */,
				716C23401EF4E08100AA4CB4 /* Drag and dropTests.xctest */,
				716C234B1EF4E08100AA4CB4 /* Drag and dropUITests.xctest */,
			);
			name = Products;
			sourceTree = "<group>";
		};
		716C232A1EF4E08100AA4CB4 /* Drag and drop */ = {
			isa = PBXGroup;
			children = (
				D7487A3E1F05F9C7001F807A /* Model */,
				D7BE56F11F03A6F5003E2665 /* View */,
				D7BE57281F03D3D4003E2665 /* Controller */,
				716C232B1EF4E08100AA4CB4 /* AppDelegate.h */,
				716C232C1EF4E08100AA4CB4 /* AppDelegate.m */,
				716C23341EF4E08100AA4CB4 /* Assets.xcassets */,
				716C23391EF4E08100AA4CB4 /* Info.plist */,
				716C233A1EF4E08100AA4CB4 /* main.m */,
			);
			path = "Drag and drop";
			sourceTree = "<group>";
		};
		716C23431EF4E08100AA4CB4 /* Drag and dropTests */ = {
			isa = PBXGroup;
			children = (
				716C23441EF4E08100AA4CB4 /* Drag_and_dropTests.m */,
				716C23461EF4E08100AA4CB4 /* Info.plist */,
			);
			path = "Drag and dropTests";
			sourceTree = "<group>";
		};
		716C234E1EF4E08100AA4CB4 /* Drag and dropUITests */ = {
			isa = PBXGroup;
			children = (
				716C234F1EF4E08100AA4CB4 /* Drag_and_dropUITests.m */,
				716C23511EF4E08100AA4CB4 /* Info.plist */,
			);
			path = "Drag and dropUITests";
			sourceTree = "<group>";
		};
		D7487A3E1F05F9C7001F807A /* Model */ = {
			isa = PBXGroup;
			children = (
				D7487A3F1F05F9DC001F807A /* DADTableViewModel.h */,
				D7487A401F05F9DC001F807A /* DADTableViewModel.m */,
			);
			path = Model;
			sourceTree = "<group>";
		};
		D7BE56F11F03A6F5003E2665 /* View */ = {
			isa = PBXGroup;
			children = (
				D7BE56F21F03A729003E2665 /* DADDeleteView.h */,
				D7BE56F31F03A729003E2665 /* DADDeleteView.m */,
				D77B2F271F04FDA100EE47DF /* DADPosterImageView.h */,
				D77B2F281F04FDA100EE47DF /* DADPosterImageView.m */,
				D77B2F2A1F05009B00EE47DF /* DADPosterPreView.h */,
				D77B2F2B1F05009B00EE47DF /* DADPosterPreView.m */,
			);
			path = View;
			sourceTree = "<group>";
		};
		D7BE57281F03D3D4003E2665 /* Controller */ = {
			isa = PBXGroup;
			children = (
				716C235D1EF4E10900AA4CB4 /* DADOnlyDragViewController.h */,
				716C235E1EF4E10900AA4CB4 /* DADOnlyDragViewController.m */,
				716C23601EF4E16C00AA4CB4 /* DADMainViewController.h */,
				716C23611EF4E16C00AA4CB4 /* DADMainViewController.m */,
				D7BE56EE1F03A4E8003E2665 /* DADInSameAppViewController.h */,
				D7BE56EF1F03A4E8003E2665 /* DADInSameAppViewController.m */,
				D7A46EC71F04FA0400F82404 /* DADVideoViewController.h */,
				D7A46EC81F04FA0400F82404 /* DADVideoViewController.m */,
				D702EFA51F05F0BB0006FDB0 /* DADTableViewViewController.h */,
				D702EFA61F05F0BB0006FDB0 /* DADTableViewViewController.m */,
				D77073A41F0BB9BA0006663B /* DADCollectionViewController.h */,
				D77073A51F0BB9BA0006663B /* DADCollectionViewController.m */,
			);
			path = Controller;
			sourceTree = "<group>";
		};
/* End PBXGroup section */

/* Begin PBXNativeTarget section */
		716C23271EF4E08100AA4CB4 /* Drag and drop */ = {
			isa = PBXNativeTarget;
			buildConfigurationList = 716C23541EF4E08100AA4CB4 /* Build configuration list for PBXNativeTarget "Drag and drop" */;
			buildPhases = (
				716C23241EF4E08100AA4CB4 /* Sources */,
				716C23251EF4E08100AA4CB4 /* Frameworks */,
				716C23261EF4E08100AA4CB4 /* Resources */,
			);
			buildRules = (
			);
			dependencies = (
			);
			name = "Drag and drop";
			productName = "Drag and drop";
			productReference = 716C23281EF4E08100AA4CB4 /* Drag and drop.app */;
			productType = "com.apple.product-type.application";
		};
		716C233F1EF4E08100AA4CB4 /* Drag and dropTests */ = {
			isa = PBXNativeTarget;
			buildConfigurationList = 716C23571EF4E08100AA4CB4 /* Build configuration list for PBXNativeTarget "Drag and dropTests" */;
			buildPhases = (
				716C233C1EF4E08100AA4CB4 /* Sources */,
				716C233D1EF4E08100AA4CB4 /* Frameworks */,
				716C233E1EF4E08100AA4CB4 /* Resources */,
			);
			buildRules = (
			);
			dependencies = (
				716C23421EF4E08100AA4CB4 /* PBXTargetDependency */,
			);
			name = "Drag and dropTests";
			productName = "Drag and dropTests";
			productReference = 716C23401EF4E08100AA4CB4 /* Drag and dropTests.xctest */;
			productType = "com.apple.product-type.bundle.unit-test";
		};
		716C234A1EF4E08100AA4CB4 /* Drag and dropUITests */ = {
			isa = PBXNativeTarget;
			buildConfigurationList = 716C235A1EF4E08100AA4CB4 /* Build configuration list for PBXNativeTarget "Drag and dropUITests" */;
			buildPhases = (
				716C23471EF4E08100AA4CB4 /* Sources */,
				716C23481EF4E08100AA4CB4 /* Frameworks */,
				716C23491EF4E08100AA4CB4 /* Resources */,
			);
			buildRules = (
			);
			dependencies = (
				716C234D1EF4E08100AA4CB4 /* PBXTargetDependency */,
			);
			name = "Drag and dropUITests";
			productName = "Drag and dropUITests";
			productReference = 716C234B1EF4E08100AA4CB4 /* Drag and dropUITests.xctest */;
			productType = "com.apple.product-type.bundle.ui-testing";
		};
/* End PBXNativeTarget section */

/* Begin PBXProject section */
		716C23201EF4E08100AA4CB4 /* Project object */ = {
			isa = PBXProject;
			attributes = {
				LastUpgradeCheck = 0900;
				ORGANIZATIONNAME = "迟人华";
				TargetAttributes = {
					716C23271EF4E08100AA4CB4 = {
						CreatedOnToolsVersion = 9.0;
					};
					716C233F1EF4E08100AA4CB4 = {
						CreatedOnToolsVersion = 9.0;
						TestTargetID = 716C23271EF4E08100AA4CB4;
					};
					716C234A1EF4E08100AA4CB4 = {
						CreatedOnToolsVersion = 9.0;
						TestTargetID = 716C23271EF4E08100AA4CB4;
					};
				};
			};
			buildConfigurationList = 716C23231EF4E08100AA4CB4 /* Build configuration list for PBXProject "Drag and drop" */;
			compatibilityVersion = "Xcode 8.0";
			developmentRegion = en;
			hasScannedForEncodings = 0;
			knownRegions = (
				en,
				Base,
			);
			mainGroup = 716C231F1EF4E08100AA4CB4;
			productRefGroup = 716C23291EF4E08100AA4CB4 /* Products */;
			projectDirPath = "";
			projectRoot = "";
			targets = (
				716C23271EF4E08100AA4CB4 /* Drag and drop */,
				716C233F1EF4E08100AA4CB4 /* Drag and dropTests */,
				716C234A1EF4E08100AA4CB4 /* Drag and dropUITests */,
			);
		};
/* End PBXProject section */

/* Begin PBXResourcesBuildPhase section */
		716C23261EF4E08100AA4CB4 /* Resources */ = {
			isa = PBXResourcesBuildPhase;
			buildActionMask = 2147483647;
			files = (
				716C23351EF4E08100AA4CB4 /* Assets.xcassets in Resources */,
			);
			runOnlyForDeploymentPostprocessing = 0;
		};
		716C233E1EF4E08100AA4CB4 /* Resources */ = {
			isa = PBXResourcesBuildPhase;
			buildActionMask = 2147483647;
			files = (
			);
			runOnlyForDeploymentPostprocessing = 0;
		};
		716C23491EF4E08100AA4CB4 /* Resources */ = {
			isa = PBXResourcesBuildPhase;
			buildActionMask = 2147483647;
			files = (
			);
			runOnlyForDeploymentPostprocessing = 0;
		};
/* End PBXResourcesBuildPhase section */

/* Begin PBXSourcesBuildPhase section */
		716C23241EF4E08100AA4CB4 /* Sources */ = {
			isa = PBXSourcesBuildPhase;
			buildActionMask = 2147483647;
			files = (
				D77073A61F0BB9BA0006663B /* DADCollectionViewController.m in Sources */,
				716C235F1EF4E10900AA4CB4 /* DADOnlyDragViewController.m in Sources */,
				716C233B1EF4E08100AA4CB4 /* main.m in Sources */,
				D77B2F2C1F05009B00EE47DF /* DADPosterPreView.m in Sources */,
				D7BE56F01F03A4E8003E2665 /* DADInSameAppViewController.m in Sources */,
				D77B2F291F04FDA100EE47DF /* DADPosterImageView.m in Sources */,
				D7487A411F05F9DC001F807A /* DADTableViewModel.m in Sources */,
				D7BE56F41F03A729003E2665 /* DADDeleteView.m in Sources */,
				D702EFA71F05F0BB0006FDB0 /* DADTableViewViewController.m in Sources */,
				716C232D1EF4E08100AA4CB4 /* AppDelegate.m in Sources */,
				D7A46EC91F04FA0400F82404 /* DADVideoViewController.m in Sources */,
				716C23621EF4E16C00AA4CB4 /* DADMainViewController.m in Sources */,
			);
			runOnlyForDeploymentPostprocessing = 0;
		};
		716C233C1EF4E08100AA4CB4 /* Sources */ = {
			isa = PBXSourcesBuildPhase;
			buildActionMask = 2147483647;
			files = (
				716C23451EF4E08100AA4CB4 /* Drag_and_dropTests.m in Sources */,
			);
			runOnlyForDeploymentPostprocessing = 0;
		};
		716C23471EF4E08100AA4CB4 /* Sources */ = {
			isa = PBXSourcesBuildPhase;
			buildActionMask = 2147483647;
			files = (
				716C23501EF4E08100AA4CB4 /* Drag_and_dropUITests.m in Sources */,
			);
			runOnlyForDeploymentPostprocessing = 0;
		};
/* End PBXSourcesBuildPhase section */

/* Begin PBXTargetDependency section */
		716C23421EF4E08100AA4CB4 /* PBXTargetDependency */ = {
			isa = PBXTargetDependency;
			target = 716C23271EF4E08100AA4CB4 /* Drag and drop */;
			targetProxy = 716C23411EF4E08100AA4CB4 /* PBXContainerItemProxy */;
		};
		716C234D1EF4E08100AA4CB4 /* PBXTargetDependency */ = {
			isa = PBXTargetDependency;
			target = 716C23271EF4E08100AA4CB4 /* Drag and drop */;
			targetProxy = 716C234C1EF4E08100AA4CB4 /* PBXContainerItemProxy */;
		};
/* End PBXTargetDependency section */

/* Begin XCBuildConfiguration section */
		716C23521EF4E08100AA4CB4 /* Debug */ = {
			isa = XCBuildConfiguration;
			buildSettings = {
				ALWAYS_SEARCH_USER_PATHS = NO;
				CLANG_ANALYZER_NONNULL = YES;
				CLANG_ANALYZER_NUMBER_OBJECT_CONVERSION = YES_AGGRESSIVE;
				CLANG_CXX_LANGUAGE_STANDARD = "gnu++14";
				CLANG_CXX_LIBRARY = "libc++";
				CLANG_ENABLE_MODULES = YES;
				CLANG_ENABLE_OBJC_ARC = YES;
				CLANG_WARN_BLOCK_CAPTURE_AUTORELEASING = YES;
				CLANG_WARN_BOOL_CONVERSION = YES;
				CLANG_WARN_COMMA = YES;
				CLANG_WARN_CONSTANT_CONVERSION = YES;
				CLANG_WARN_DIRECT_OBJC_ISA_USAGE = YES_ERROR;
				CLANG_WARN_DOCUMENTATION_COMMENTS = YES;
				CLANG_WARN_EMPTY_BODY = YES;
				CLANG_WARN_ENUM_CONVERSION = YES;
				CLANG_WARN_INFINITE_RECURSION = YES;
				CLANG_WARN_INT_CONVERSION = YES;
				CLANG_WARN_OBJC_ROOT_CLASS = YES_ERROR;
				CLANG_WARN_RANGE_LOOP_ANALYSIS = YES;
				CLANG_WARN_STRICT_PROTOTYPES = YES;
				CLANG_WARN_SUSPICIOUS_MOVE = YES;
				CLANG_WARN_UNGUARDED_AVAILABILITY = YES_AGGRESSIVE;
				CLANG_WARN_UNREACHABLE_CODE = YES;
				CLANG_WARN__DUPLICATE_METHOD_MATCH = YES;
				CODE_SIGN_IDENTITY = "iPhone Developer";
				COPY_PHASE_STRIP = NO;
				DEBUG_INFORMATION_FORMAT = dwarf;
				ENABLE_STRICT_OBJC_MSGSEND = YES;
				ENABLE_TESTABILITY = YES;
				GCC_C_LANGUAGE_STANDARD = gnu11;
				GCC_DYNAMIC_NO_PIC = NO;
				GCC_NO_COMMON_BLOCKS = YES;
				GCC_OPTIMIZATION_LEVEL = 0;
				GCC_PREPROCESSOR_DEFINITIONS = (
					"DEBUG=1",
					"$(inherited)",
				);
				GCC_WARN_64_TO_32_BIT_CONVERSION = YES;
				GCC_WARN_ABOUT_RETURN_TYPE = YES_ERROR;
				GCC_WARN_UNDECLARED_SELECTOR = YES;
				GCC_WARN_UNINITIALIZED_AUTOS = YES_AGGRESSIVE;
				GCC_WARN_UNUSED_FUNCTION = YES;
				GCC_WARN_UNUSED_VARIABLE = YES;
				IPHONEOS_DEPLOYMENT_TARGET = 11.0;
				MTL_ENABLE_DEBUG_INFO = YES;
				ONLY_ACTIVE_ARCH = YES;
				SDKROOT = iphoneos;
			};
			name = Debug;
		};
		716C23531EF4E08100AA4CB4 /* Release */ = {
			isa = XCBuildConfiguration;
			buildSettings = {
				ALWAYS_SEARCH_USER_PATHS = NO;
				CLANG_ANALYZER_NONNULL = YES;
				CLANG_ANALYZER_NUMBER_OBJECT_CONVERSION = YES_AGGRESSIVE;
				CLANG_CXX_LANGUAGE_STANDARD = "gnu++14";
				CLANG_CXX_LIBRARY = "libc++";
				CLANG_ENABLE_MODULES = YES;
				CLANG_ENABLE_OBJC_ARC = YES;
				CLANG_WARN_BLOCK_CAPTURE_AUTORELEASING = YES;
				CLANG_WARN_BOOL_CONVERSION = YES;
				CLANG_WARN_COMMA = YES;
				CLANG_WARN_CONSTANT_CONVERSION = YES;
				CLANG_WARN_DIRECT_OBJC_ISA_USAGE = YES_ERROR;
				CLANG_WARN_DOCUMENTATION_COMMENTS = YES;
				CLANG_WARN_EMPTY_BODY = YES;
				CLANG_WARN_ENUM_CONVERSION = YES;
				CLANG_WARN_INFINITE_RECURSION = YES;
				CLANG_WARN_INT_CONVERSION = YES;
				CLANG_WARN_OBJC_ROOT_CLASS = YES_ERROR;
				CLANG_WARN_RANGE_LOOP_ANALYSIS = YES;
				CLANG_WARN_STRICT_PROTOTYPES = YES;
				CLANG_WARN_SUSPICIOUS_MOVE = YES;
				CLANG_WARN_UNGUARDED_AVAILABILITY = YES_AGGRESSIVE;
				CLANG_WARN_UNREACHABLE_CODE = YES;
				CLANG_WARN__DUPLICATE_METHOD_MATCH = YES;
				CODE_SIGN_IDENTITY = "iPhone Developer";
				COPY_PHASE_STRIP = NO;
				DEBUG_INFORMATION_FORMAT = "dwarf-with-dsym";
				ENABLE_NS_ASSERTIONS = NO;
				ENABLE_STRICT_OBJC_MSGSEND = YES;
				GCC_C_LANGUAGE_STANDARD = gnu11;
				GCC_NO_COMMON_BLOCKS = YES;
				GCC_WARN_64_TO_32_BIT_CONVERSION = YES;
				GCC_WARN_ABOUT_RETURN_TYPE = YES_ERROR;
				GCC_WARN_UNDECLARED_SELECTOR = YES;
				GCC_WARN_UNINITIALIZED_AUTOS = YES_AGGRESSIVE;
				GCC_WARN_UNUSED_FUNCTION = YES;
				GCC_WARN_UNUSED_VARIABLE = YES;
				IPHONEOS_DEPLOYMENT_TARGET = 11.0;
				MTL_ENABLE_DEBUG_INFO = NO;
				SDKROOT = iphoneos;
				VALIDATE_PRODUCT = YES;
			};
			name = Release;
		};
		716C23551EF4E08100AA4CB4 /* Debug */ = {
			isa = XCBuildConfiguration;
			buildSettings = {
				ASSETCATALOG_COMPILER_APPICON_NAME = AppIcon;
				DEVELOPMENT_TEAM = V5QYPYR594;
				INFOPLIST_FILE = "Drag and drop/Info.plist";
				LD_RUNPATH_SEARCH_PATHS = "$(inherited) @executable_path/Frameworks";
				PRODUCT_BUNDLE_IDENTIFIER = "RenhuaChi.Drag-and-drop";
				PRODUCT_NAME = "$(TARGET_NAME)";
				TARGETED_DEVICE_FAMILY = "1,2";
			};
			name = Debug;
		};
		716C23561EF4E08100AA4CB4 /* Release */ = {
			isa = XCBuildConfiguration;
			buildSettings = {
				ASSETCATALOG_COMPILER_APPICON_NAME = AppIcon;
				DEVELOPMENT_TEAM = V5QYPYR594;
				INFOPLIST_FILE = "Drag and drop/Info.plist";
				LD_RUNPATH_SEARCH_PATHS = "$(inherited) @executable_path/Frameworks";
				PRODUCT_BUNDLE_IDENTIFIER = "RenhuaChi.Drag-and-drop";
				PRODUCT_NAME = "$(TARGET_NAME)";
				TARGETED_DEVICE_FAMILY = "1,2";
			};
			name = Release;
		};
		716C23581EF4E08100AA4CB4 /* Debug */ = {
			isa = XCBuildConfiguration;
			buildSettings = {
				BUNDLE_LOADER = "$(TEST_HOST)";
				DEVELOPMENT_TEAM = V5QYPYR594;
				INFOPLIST_FILE = "Drag and dropTests/Info.plist";
				LD_RUNPATH_SEARCH_PATHS = "$(inherited) @executable_path/Frameworks @loader_path/Frameworks";
				PRODUCT_BUNDLE_IDENTIFIER = "RenhuaChi.Drag-and-dropTests";
				PRODUCT_NAME = "$(TARGET_NAME)";
				TARGETED_DEVICE_FAMILY = "1,2";
				TEST_HOST = "$(BUILT_PRODUCTS_DIR)/Drag and drop.app/Drag and drop";
			};
			name = Debug;
		};
		716C23591EF4E08100AA4CB4 /* Release */ = {
			isa = XCBuildConfiguration;
			buildSettings = {
				BUNDLE_LOADER = "$(TEST_HOST)";
				DEVELOPMENT_TEAM = V5QYPYR594;
				INFOPLIST_FILE = "Drag and dropTests/Info.plist";
				LD_RUNPATH_SEARCH_PATHS = "$(inherited) @executable_path/Frameworks @loader_path/Frameworks";
				PRODUCT_BUNDLE_IDENTIFIER = "RenhuaChi.Drag-and-dropTests";
				PRODUCT_NAME = "$(TARGET_NAME)";
				TARGETED_DEVICE_FAMILY = "1,2";
				TEST_HOST = "$(BUILT_PRODUCTS_DIR)/Drag and drop.app/Drag and drop";
			};
			name = Release;
		};
		716C235B1EF4E08100AA4CB4 /* Debug */ = {
			isa = XCBuildConfiguration;
			buildSettings = {
				DEVELOPMENT_TEAM = V5QYPYR594;
				INFOPLIST_FILE = "Drag and dropUITests/Info.plist";
				LD_RUNPATH_SEARCH_PATHS = "$(inherited) @executable_path/Frameworks @loader_path/Frameworks";
				PRODUCT_BUNDLE_IDENTIFIER = "RenhuaChi.Drag-and-dropUITests";
				PRODUCT_NAME = "$(TARGET_NAME)";
				TARGETED_DEVICE_FAMILY = "1,2";
				TEST_TARGET_NAME = "Drag and drop";
			};
			name = Debug;
		};
		716C235C1EF4E08100AA4CB4 /* Release */ = {
			isa = XCBuildConfiguration;
			buildSettings = {
				DEVELOPMENT_TEAM = V5QYPYR594;
				INFOPLIST_FILE = "Drag and dropUITests/Info.plist";
				LD_RUNPATH_SEARCH_PATHS = "$(inherited) @executable_path/Frameworks @loader_path/Frameworks";
				PRODUCT_BUNDLE_IDENTIFIER = "RenhuaChi.Drag-and-dropUITests";
				PRODUCT_NAME = "$(TARGET_NAME)";
				TARGETED_DEVICE_FAMILY = "1,2";
				TEST_TARGET_NAME = "Drag and drop";
			};
			name = Release;
		};
/* End XCBuildConfiguration section */

/* Begin XCConfigurationList section */
		716C23231EF4E08100AA4CB4 /* Build configuration list for PBXProject "Drag and drop" */ = {
			isa = XCConfigurationList;
			buildConfigurations = (
				716C23521EF4E08100AA4CB4 /* Debug */,
				716C23531EF4E08100AA4CB4 /* Release */,
			);
			defaultConfigurationIsVisible = 0;
			defaultConfigurationName = Release;
		};
		716C23541EF4E08100AA4CB4 /* Build configuration list for PBXNativeTarget "Drag and drop" */ = {
			isa = XCConfigurationList;
			buildConfigurations = (
				716C23551EF4E08100AA4CB4 /* Debug */,
				716C23561EF4E08100AA4CB4 /* Release */,
			);
			defaultConfigurationIsVisible = 0;
			defaultConfigurationName = Release;
		};
		716C23571EF4E08100AA4CB4 /* Build configuration list for PBXNativeTarget "Drag and dropTests" */ = {
			isa = XCConfigurationList;
			buildConfigurations = (
				716C23581EF4E08100AA4CB4 /* Debug */,
				716C23591EF4E08100AA4CB4 /* Release */,
			);
			defaultConfigurationIsVisible = 0;
			defaultConfigurationName = Release;
		};
		716C235A1EF4E08100AA4CB4 /* Build configuration list for PBXNativeTarget "Drag and dropUITests" */ = {
			isa = XCConfigurationList;
			buildConfigurations = (
				716C235B1EF4E08100AA4CB4 /* Debug */,
				716C235C1EF4E08100AA4CB4 /* Release */,
			);
			defaultConfigurationIsVisible = 0;
			defaultConfigurationName = Release;
		};
/* End XCConfigurationList section */
	};
	rootObject = 716C23201EF4E08100AA4CB4 /* Project object */;
}
